
Microsoft Visual Studio Solution File, Format Version 12.00
# Visual Studio Version 17
VisualStudioVersion = 17.14.36511.14 d17.14
MinimumVisualStudioVersion = 10.0.40219.1
Project("{FAE04EC0-301F-11D3-BF4B-00C04F79EFBC}") = "Employee.API", "Employee.API\Employee.API.csproj", "{BBE633F4-140A-4D78-B305-A045AD8564FE}"
EndProject
Project("{FAE04EC0-301F-11D3-BF4B-00C04F79EFBC}") = "Employee.Models", "Employee.Models\Employee.Models.csproj", "{2A2A645A-25F9-406A-BACE-E0CC070B465D}"
EndProject
Project("{FAE04EC0-301F-11D3-BF4B-00C04F79EFBC}") = "Employee.Repository", "Employee.Repository\Employee.Repository.csproj", "{F831863F-21ED-428D-AB42-674A776DDFE0}"
EndProject
Global
	GlobalSection(SolutionConfigurationPlatforms) = preSolution
		Debug|Any CPU = Debug|Any CPU
		Release|Any CPU = Release|Any CPU
	EndGlobalSection
	GlobalSection(ProjectConfigurationPlatforms) = postSolution
		{BBE633F4-140A-4D78-B305-A045AD8564FE}.Debug|Any CPU.ActiveCfg = Debug|Any CPU
		{BBE633F4-140A-4D78-B305-A045AD8564FE}.Debug|Any CPU.Build.0 = Debug|Any CPU
		{BBE633F4-140A-4D78-B305-A045AD8564FE}.Release|Any CPU.ActiveCfg = Release|Any CPU
		{BBE633F4-140A-4D78-B305-A045AD8564FE}.Release|Any CPU.Build.0 = Release|Any CPU
		{2A2A645A-25F9-406A-BACE-E0CC070B465D}.Debug|Any CPU.ActiveCfg = Debug|Any CPU
		{2A2A645A-25F9-406A-BACE-E0CC070B465D}.Debug|Any CPU.Build.0 = Debug|Any CPU
		{2A2A645A-25F9-406A-BACE-E0CC070B465D}.Release|Any CPU.ActiveCfg = Release|Any CPU
		{2A2A645A-25F9-406A-BACE-E0CC070B465D}.Release|Any CPU.Build.0 = Release|Any CPU
		{F831863F-21ED-428D-AB42-674A776DDFE0}.Debug|Any CPU.ActiveCfg = Debug|Any CPU
		{F831863F-21ED-428D-AB42-674A776DDFE0}.Debug|Any CPU.Build.0 = Debug|Any CPU
		{F831863F-21ED-428D-AB42-674A776DDFE0}.Release|Any CPU.ActiveCfg = Release|Any CPU
		{F831863F-21ED-428D-AB42-674A776DDFE0}.Release|Any CPU.Build.0 = Release|Any CPU
	EndGlobalSection
	GlobalSection(SolutionProperties) = preSolution
		HideSolutionNode = FALSE
	EndGlobalSection
	GlobalSection(ExtensibilityGlobals) = postSolution
		SolutionGuid = {4F794807-BBF9-4CE1-913D-180A5BBF5760}
	EndGlobalSection
EndGlobal
